# This file is autogenerated, do not edit; changes may be undone by the next 'dep ensure'.


[[projects]]
  name = "github.com/DataDog/datadog-go"
  packages = ["statsd"]
  revision = "9487d3a9d3be5bf3cf60b86ae810b97926964515"
  version = "2.0.0"

[solve-meta]
  analyzer-name = "dep"
  analyzer-version = 1
  inputs-digest = "1a6b47c9cd76e3937f7e7768f1badb593ccd8858d128eb15c1b3503f0cf7a53a"
  solver-name = "gps-cdcl"
  solver-version = 1
